
Microsoft Visual Studio Solution File, Format Version 12.00
# Visual Studio 14
VisualStudioVersion = 14.0.25123.0
MinimumVisualStudioVersion = 10.0.40219.1
Project("{FAE04EC0-301F-11D3-BF4B-00C04F79EFBC}") = "BAWsurvival", "BAWsurvival\BAWsurvival.csproj", "{78B110E9-9EAA-4BE7-8915-B5344805252D}"
EndProject
Project("{2150E333-8FDC-42A3-9474-1A3956D46DE8}") = "Solution Items", "Solution Items", "{615FEAF2-362E-4CA7-BC40-B755ADA7FE08}"
EndProject
Global
	GlobalSection(SolutionConfigurationPlatforms) = preSolution
		Debug|Any CPU = Debug|Any CPU
		Release|Any CPU = Release|Any CPU
	EndGlobalSection
	GlobalSection(ProjectConfigurationPlatforms) = postSolution
		{78B110E9-9EAA-4BE7-8915-B5344805252D}.Debug|Any CPU.ActiveCfg = Debug|Any CPU
		{78B110E9-9EAA-4BE7-8915-B5344805252D}.Debug|Any CPU.Build.0 = Debug|Any CPU
		{78B110E9-9EAA-4BE7-8915-B5344805252D}.Release|Any CPU.ActiveCfg = Release|Any CPU
		{78B110E9-9EAA-4BE7-8915-B5344805252D}.Release|Any CPU.Build.0 = Release|Any CPU
	EndGlobalSection
	GlobalSection(SolutionProperties) = preSolution
		HideSolutionNode = FALSE
	EndGlobalSection
EndGlobal
